
Microsoft Visual Studio Solution File, Format Version 12.00
Project("{FAE04EC0-301F-11D3-BF4B-00C04F79EFBC}") = "lib", "lib\lib.csproj", "{70771FB5-9798-49A0-86AF-EE485DEAF557}"
EndProject
Project("{FAE04EC0-301F-11D3-BF4B-00C04F79EFBC}") = "tests", "tests\tests.csproj", "{0BDBAF48-4BE9-4D2E-B217-1B9FFE791D9C}"
EndProject
Global
	GlobalSection(SolutionConfigurationPlatforms) = preSolution
		Debug|Any CPU = Debug|Any CPU
		Release|Any CPU = Release|Any CPU
	EndGlobalSection
	GlobalSection(ProjectConfigurationPlatforms) = postSolution
		{70771FB5-9798-49A0-86AF-EE485DEAF557}.Debug|Any CPU.ActiveCfg = Debug|Any CPU
		{70771FB5-9798-49A0-86AF-EE485DEAF557}.Debug|Any CPU.Build.0 = Debug|Any CPU
		{70771FB5-9798-49A0-86AF-EE485DEAF557}.Release|Any CPU.ActiveCfg = Release|Any CPU
		{70771FB5-9798-49A0-86AF-EE485DEAF557}.Release|Any CPU.Build.0 = Release|Any CPU
		{0BDBAF48-4BE9-4D2E-B217-1B9FFE791D9C}.Debug|Any CPU.ActiveCfg = Debug|Any CPU
		{0BDBAF48-4BE9-4D2E-B217-1B9FFE791D9C}.Debug|Any CPU.Build.0 = Debug|Any CPU
		{0BDBAF48-4BE9-4D2E-B217-1B9FFE791D9C}.Release|Any CPU.ActiveCfg = Release|Any CPU
		{0BDBAF48-4BE9-4D2E-B217-1B9FFE791D9C}.Release|Any CPU.Build.0 = Release|Any CPU
	EndGlobalSection
EndGlobal
