
Microsoft Visual Studio Solution File, Format Version 12.00
Project("{FAE04EC0-301F-11D3-BF4B-00C04F79EFBC}") = "lib", "lib\lib.csproj", "{2FFB90D5-19BC-400E-9233-6D5C871521C5}"
EndProject
Project("{FAE04EC0-301F-11D3-BF4B-00C04F79EFBC}") = "tests", "tests\tests.csproj", "{28FFFE09-B8FE-4D8E-A6C6-8F72C8F25F2A}"
EndProject
Global
	GlobalSection(SolutionConfigurationPlatforms) = preSolution
		Debug|Any CPU = Debug|Any CPU
		Release|Any CPU = Release|Any CPU
	EndGlobalSection
	GlobalSection(ProjectConfigurationPlatforms) = postSolution
		{2FFB90D5-19BC-400E-9233-6D5C871521C5}.Debug|Any CPU.ActiveCfg = Debug|Any CPU
		{2FFB90D5-19BC-400E-9233-6D5C871521C5}.Debug|Any CPU.Build.0 = Debug|Any CPU
		{2FFB90D5-19BC-400E-9233-6D5C871521C5}.Release|Any CPU.ActiveCfg = Release|Any CPU
		{2FFB90D5-19BC-400E-9233-6D5C871521C5}.Release|Any CPU.Build.0 = Release|Any CPU
		{28FFFE09-B8FE-4D8E-A6C6-8F72C8F25F2A}.Debug|Any CPU.ActiveCfg = Debug|Any CPU
		{28FFFE09-B8FE-4D8E-A6C6-8F72C8F25F2A}.Debug|Any CPU.Build.0 = Debug|Any CPU
		{28FFFE09-B8FE-4D8E-A6C6-8F72C8F25F2A}.Release|Any CPU.ActiveCfg = Release|Any CPU
		{28FFFE09-B8FE-4D8E-A6C6-8F72C8F25F2A}.Release|Any CPU.Build.0 = Release|Any CPU
	EndGlobalSection
EndGlobal
